// !$*UTF8*$!
{
	archiveVersion = 1;
	classes = {
	};
	objectVersion = 46;
	objects = {

/* Begin PBXBuildFile section */
		E885E3FD1AB19315007DE864 /* main.m in Sources */ = {isa = PBXBuildFile; fileRef = E885E3FC1AB19315007DE864 /* main.m */; };
		E885E4001AB19315007DE864 /* AppDelegate.m in Sources */ = {isa = PBXBuildFile; fileRef = E885E3FF1AB19315007DE864 /* AppDelegate.m */; };
		E885E4031AB19315007DE864 /* ViewController.m in Sources */ = {isa = PBXBuildFile; fileRef = E885E4021AB19315007DE864 /* ViewController.m */; };
		E885E4061AB19315007DE864 /* Main.storyboard in Resources */ = {isa = PBXBuildFile; fileRef = E885E4041AB19315007DE864 /* Main.storyboard */; };
		E885E4081AB19315007DE864 /* Images.xcassets in Resources */ = {isa = PBXBuildFile; fileRef = E885E4071AB19315007DE864 /* Images.xcassets */; };
		E885E40B1AB19315007DE864 /* LaunchScreen.xib in Resources */ = {isa = PBXBuildFile; fileRef = E885E4091AB19315007DE864 /* LaunchScreen.xib */; };
		E885E4171AB19315007DE864 /* Mod20Tests.m in Sources */ = {isa = PBXBuildFile; fileRef = E885E4161AB19315007DE864 /* Mod20Tests.m */; };
/* End PBXBuildFile section */

/* Begin PBXContainerItemProxy section */
		E885E4111AB19315007DE864 /* PBXContainerItemProxy */ = {
			isa = PBXContainerItemProxy;
			containerPortal = E885E3EF1AB19315007DE864 /* Project object */;
			proxyType = 1;
			remoteGlobalIDString = E885E3F61AB19315007DE864;
			remoteInfo = Mod20;
		};
/* End PBXContainerItemProxy section */

/* Begin PBXFileReference section */
		E885E3F71AB19315007DE864 /* Mod20.app */ = {isa = PBXFileReference; explicitFileType = wrapper.application; includeInIndex = 0; path = Mod20.app; sourceTree = BUILT_PRODUCTS_DIR; };
		E885E3FB1AB19315007DE864 /* Info.plist */ = {isa = PBXFileReference; lastKnownFileType = text.plist.xml; path = Info.plist; sourceTree = "<group>"; };
		E885E3FC1AB19315007DE864 /* main.m */ = {isa = PBXFileReference; lastKnownFileType = sourcecode.c.objc; path = main.m; sourceTree = "<group>"; };
		E885E3FE1AB19315007DE864 /* AppDelegate.h */ = {isa = PBXFileReference; lastKnownFileType = sourcecode.c.h; path = AppDelegate.h; sourceTree = "<group>"; };
		E885E3FF1AB19315007DE864 /* AppDelegate.m */ = {isa = PBXFileReference; lastKnownFileType = sourcecode.c.objc; path = AppDelegate.m; sourceTree = "<group>"; };
		E885E4011AB19315007DE864 /* ViewController.h */ = {isa = PBXFileReference; lastKnownFileType = sourcecode.c.h; path = ViewController.h; sourceTree = "<group>"; };
		E885E4021AB19315007DE864 /* ViewController.m */ = {isa = PBXFileReference; lastKnownFileType = sourcecode.c.objc; path = ViewController.m; sourceTree = "<group>"; };
		E885E4051AB19315007DE864 /* Base */ = {isa = PBXFileReference; lastKnownFileType = file.storyboard; name = Base; path = Base.lproj/Main.storyboard; sourceTree = "<group>"; };
		E885E4071AB19315007DE864 /* Images.xcassets */ = {isa = PBXFileReference; lastKnownFileType = folder.assetcatalog; path = Images.xcassets; sourceTree = "<group>"; };
		E885E40A1AB19315007DE864 /* Base */ = {isa = PBXFileReference; lastKnownFileType = file.xib; name = Base; path = Base.lproj/LaunchScreen.xib; sourceTree = "<group>"; };
		E885E4101AB19315007DE864 /* Mod20Tests.xctest */ = {isa = PBXFileReference; explicitFileType = wrapper.cfbundle; includeInIndex = 0; path = Mod20Tests.xctest; sourceTree = BUILT_PRODUCTS_DIR; };
		E885E4151AB19315007DE864 /* Info.plist */ = {isa = PBXFileReference; lastKnownFileType = text.plist.xml; path = Info.plist; sourceTree = "<group>"; };
		E885E4161AB19315007DE864 /* Mod20Tests.m */ = {isa = PBXFileReference; lastKnownFileType = sourcecode.c.objc; path = Mod20Tests.m; sourceTree = "<group>"; };
/* End PBXFileReference section */

/* Begin PBXFrameworksBuildPhase section */
		E885E3F41AB19315007DE864 /* Frameworks */ = {
			isa = PBXFrameworksBuildPhase;
			buildActionMask = 2147483647;
			files = (
			);
			runOnlyForDeploymentPostprocessing = 0;
		};
		E885E40D1AB19315007DE864 /* Frameworks */ = {
			isa = PBXFrameworksBuildPhase;
			buildActionMask = 2147483647;
			files = (
			);
			runOnlyForDeploymentPostprocessing = 0;
		};
/* End PBXFrameworksBuildPhase section */

/* Begin PBXGroup section */
		E885E3EE1AB19315007DE864 = {
			isa = PBXGroup;
			children = (
				E885E3F91AB19315007DE864 /* Mod20 */,
				E885E4131AB19315007DE864 /* Mod20Tests */,
				E885E3F81AB19315007DE864 /* Products */,
			);
			sourceTree = "<group>";
		};
		E885E3F81AB19315007DE864 /* Products */ = {
			isa = PBXGroup;
			children = (
				E885E3F71AB19315007DE864 /* Mod20.app */,
				E885E4101AB19315007DE864 /* Mod20Tests.xctest */,
			);
			name = Products;
			sourceTree = "<group>";
		};
		E885E3F91AB19315007DE864 /* Mod20 */ = {
			isa = PBXGroup;
			children = (
				E885E3FE1AB19315007DE864 /* AppDelegate.h */,
				E885E3FF1AB19315007DE864 /* AppDelegate.m */,
				E885E4011AB19315007DE864 /* ViewController.h */,
				E885E4021AB19315007DE864 /* ViewController.m */,
				E885E4041AB19315007DE864 /* Main.storyboard */,
				E885E4071AB19315007DE864 /* Images.xcassets */,
				E885E4091AB19315007DE864 /* LaunchScreen.xib */,
				E885E3FA1AB19315007DE864 /* Supporting Files */,
			);
			path = Mod20;
			sourceTree = "<group>";
		};
		E885E3FA1AB19315007DE864 /* Supporting Files */ = {
			isa = PBXGroup;
			children = (
				E885E3FB1AB19315007DE864 /* Info.plist */,
				E885E3FC1AB19315007DE864 /* main.m */,
			);
			name = "Supporting Files";
			sourceTree = "<group>";
		};
		E885E4131AB19315007DE864 /* Mod20Tests */ = {
			isa = PBXGroup;
			children = (
				E885E4161AB19315007DE864 /* Mod20Tests.m */,
				E885E4141AB19315007DE864 /* Supporting Files */,
			);
			path = Mod20Tests;
			sourceTree = "<group>";
		};
		E885E4141AB19315007DE864 /* Supporting Files */ = {
			isa = PBXGroup;
			children = (
				E885E4151AB19315007DE864 /* Info.plist */,
			);
			name = "Supporting Files";
			sourceTree = "<group>";
		};
/* End PBXGroup section */

/* Begin PBXNativeTarget section */
		E885E3F61AB19315007DE864 /* Mod20 */ = {
			isa = PBXNativeTarget;
			buildConfigurationList = E885E41A1AB19315007DE864 /* Build configuration list for PBXNativeTarget "Mod20" */;
			buildPhases = (
				E885E3F31AB19315007DE864 /* Sources */,
				E885E3F41AB19315007DE864 /* Frameworks */,
				E885E3F51AB19315007DE864 /* Resources */,
			);
			buildRules = (
			);
			dependencies = (
			);
			name = Mod20;
			productName = Mod20;
			productReference = E885E3F71AB19315007DE864 /* Mod20.app */;
			productType = "com.apple.product-type.application";
		};
		E885E40F1AB19315007DE864 /* Mod20Tests */ = {
			isa = PBXNativeTarget;
			buildConfigurationList = E885E41D1AB19315007DE864 /* Build configuration list for PBXNativeTarget "Mod20Tests" */;
			buildPhases = (
				E885E40C1AB19315007DE864 /* Sources */,
				E885E40D1AB19315007DE864 /* Frameworks */,
				E885E40E1AB19315007DE864 /* Resources */,
			);
			buildRules = (
			);
			dependencies = (
				E885E4121AB19315007DE864 /* PBXTargetDependency */,
			);
			name = Mod20Tests;
			productName = Mod20Tests;
			productReference = E885E4101AB19315007DE864 /* Mod20Tests.xctest */;
			productType = "com.apple.product-type.bundle.unit-test";
		};
/* End PBXNativeTarget section */

/* Begin PBXProject section */
		E885E3EF1AB19315007DE864 /* Project object */ = {
			isa = PBXProject;
			attributes = {
				LastUpgradeCheck = 0620;
				ORGANIZATIONNAME = KM;
				TargetAttributes = {
					E885E3F61AB19315007DE864 = {
						CreatedOnToolsVersion = 6.2;
					};
					E885E40F1AB19315007DE864 = {
						CreatedOnToolsVersion = 6.2;
						TestTargetID = E885E3F61AB19315007DE864;
					};
				};
			};
			buildConfigurationList = E885E3F21AB19315007DE864 /* Build configuration list for PBXProject "Mod20" */;
			compatibilityVersion = "Xcode 3.2";
			developmentRegion = English;
			hasScannedForEncodings = 0;
			knownRegions = (
				en,
				Base,
			);
			mainGroup = E885E3EE1AB19315007DE864;
			productRefGroup = E885E3F81AB19315007DE864 /* Products */;
			projectDirPath = "";
			projectRoot = "";
			targets = (
				E885E3F61AB19315007DE864 /* Mod20 */,
				E885E40F1AB19315007DE864 /* Mod20Tests */,
			);
		};
/* End PBXProject section */

/* Begin PBXResourcesBuildPhase section */
		E885E3F51AB19315007DE864 /* Resources */ = {
			isa = PBXResourcesBuildPhase;
			buildActionMask = 2147483647;
			files = (
				E885E4061AB19315007DE864 /* Main.storyboard in Resources */,
				E885E40B1AB19315007DE864 /* LaunchScreen.xib in Resources */,
				E885E4081AB19315007DE864 /* Images.xcassets in Resources */,
			);
			runOnlyForDeploymentPostprocessing = 0;
		};
		E885E40E1AB19315007DE864 /* Resources */ = {
			isa = PBXResourcesBuildPhase;
			buildActionMask = 2147483647;
			files = (
			);
			runOnlyForDeploymentPostprocessing = 0;
		};
/* End PBXResourcesBuildPhase section */

/* Begin PBXSourcesBuildPhase section */
		E885E3F31AB19315007DE864 /* Sources */ = {
			isa = PBXSourcesBuildPhase;
			buildActionMask = 2147483647;
			files = (
				E885E4031AB19315007DE864 /* ViewController.m in Sources */,
				E885E4001AB19315007DE864 /* AppDelegate.m in Sources */,
				E885E3FD1AB19315007DE864 /* main.m in Sources */,
			);
			runOnlyForDeploymentPostprocessing = 0;
		};
		E885E40C1AB19315007DE864 /* Sources */ = {
			isa = PBXSourcesBuildPhase;
			buildActionMask = 2147483647;
			files = (
				E885E4171AB19315007DE864 /* Mod20Tests.m in Sources */,
			);
			runOnlyForDeploymentPostprocessing = 0;
		};
/* End PBXSourcesBuildPhase section */

/* Begin PBXTargetDependency section */
		E885E4121AB19315007DE864 /* PBXTargetDependency */ = {
			isa = PBXTargetDependency;
			target = E885E3F61AB19315007DE864 /* Mod20 */;
			targetProxy = E885E4111AB19315007DE864 /* PBXContainerItemProxy */;
		};
/* End PBXTargetDependency section */

/* Begin PBXVariantGroup section */
		E885E4041AB19315007DE864 /* Main.storyboard */ = {
			isa = PBXVariantGroup;
			children = (
				E885E4051AB19315007DE864 /* Base */,
			);
			name = Main.storyboard;
			sourceTree = "<group>";
		};
		E885E4091AB19315007DE864 /* LaunchScreen.xib */ = {
			isa = PBXVariantGroup;
			children = (
				E885E40A1AB19315007DE864 /* Base */,
			);
			name = LaunchScreen.xib;
			sourceTree = "<group>";
		};
/* End PBXVariantGroup section */

/* Begin XCBuildConfiguration section */
		E885E4181AB19315007DE864 /* Debug */ = {
			isa = XCBuildConfiguration;
			buildSettings = {
				ALWAYS_SEARCH_USER_PATHS = NO;
				CLANG_CXX_LANGUAGE_STANDARD = "gnu++0x";
				CLANG_CXX_LIBRARY = "libc++";
				CLANG_ENABLE_MODULES = YES;
				CLANG_ENABLE_OBJC_ARC = YES;
				CLANG_WARN_BOOL_CONVERSION = YES;
				CLANG_WARN_CONSTANT_CONVERSION = YES;
				CLANG_WARN_DIRECT_OBJC_ISA_USAGE = YES_ERROR;
				CLANG_WARN_EMPTY_BODY = YES;
				CLANG_WARN_ENUM_CONVERSION = YES;
				CLANG_WARN_INT_CONVERSION = YES;
				CLANG_WARN_OBJC_ROOT_CLASS = YES_ERROR;
				CLANG_WARN_UNREACHABLE_CODE = YES;
				CLANG_WARN__DUPLICATE_METHOD_MATCH = YES;
				"CODE_SIGN_IDENTITY[sdk=iphoneos*]" = "iPhone Developer";
				COPY_PHASE_STRIP = NO;
				ENABLE_STRICT_OBJC_MSGSEND = YES;
				GCC_C_LANGUAGE_STANDARD = gnu99;
				GCC_DYNAMIC_NO_PIC = NO;
				GCC_OPTIMIZATION_LEVEL = 0;
				GCC_PREPROCESSOR_DEFINITIONS = (
					"DEBUG=1",
					"$(inherited)",
				);
				GCC_SYMBOLS_PRIVATE_EXTERN = NO;
				GCC_WARN_64_TO_32_BIT_CONVERSION = YES;
				GCC_WARN_ABOUT_RETURN_TYPE = YES_ERROR;
				GCC_WARN_UNDECLARED_SELECTOR = YES;
				GCC_WARN_UNINITIALIZED_AUTOS = YES_AGGRESSIVE;
				GCC_WARN_UNUSED_FUNCTION = YES;
				GCC_WARN_UNUSED_VARIABLE = YES;
				IPHONEOS_DEPLOYMENT_TARGET = 8.2;
				MTL_ENABLE_DEBUG_INFO = YES;
				ONLY_ACTIVE_ARCH = YES;
				SDKROOT = iphoneos;
			};
			name = Debug;
		};
		E885E4191AB19315007DE864 /* Release */ = {
			isa = XCBuildConfiguration;
			buildSettings = {
				ALWAYS_SEARCH_USER_PATHS = NO;
				CLANG_CXX_LANGUAGE_STANDARD = "gnu++0x";
				CLANG_CXX_LIBRARY = "libc++";
				CLANG_ENABLE_MODULES = YES;
				CLANG_ENABLE_OBJC_ARC = YES;
				CLANG_WARN_BOOL_CONVERSION = YES;
				CLANG_WARN_CONSTANT_CONVERSION = YES;
				CLANG_WARN_DIRECT_OBJC_ISA_USAGE = YES_ERROR;
				CLANG_WARN_EMPTY_BODY = YES;
				CLANG_WARN_ENUM_CONVERSION = YES;
				CLANG_WARN_INT_CONVERSION = YES;
				CLANG_WARN_OBJC_ROOT_CLASS = YES_ERROR;
				CLANG_WARN_UNREACHABLE_CODE = YES;
				CLANG_WARN__DUPLICATE_METHOD_MATCH = YES;
				"CODE_SIGN_IDENTITY[sdk=iphoneos*]" = "iPhone Developer";
				COPY_PHASE_STRIP = NO;
				ENABLE_NS_ASSERTIONS = NO;
				ENABLE_STRICT_OBJC_MSGSEND = YES;
				GCC_C_LANGUAGE_STANDARD = gnu99;
				GCC_WARN_64_TO_32_BIT_CONVERSION = YES;
				GCC_WARN_ABOUT_RETURN_TYPE = YES_ERROR;
				GCC_WARN_UNDECLARED_SELECTOR = YES;
				GCC_WARN_UNINITIALIZED_AUTOS = YES_AGGRESSIVE;
				GCC_WARN_UNUSED_FUNCTION = YES;
				GCC_WARN_UNUSED_VARIABLE = YES;
				IPHONEOS_DEPLOYMENT_TARGET = 8.2;
				MTL_ENABLE_DEBUG_INFO = NO;
				SDKROOT = iphoneos;
				VALIDATE_PRODUCT = YES;
			};
			name = Release;
		};
		E885E41B1AB19315007DE864 /* Debug */ = {
			isa = XCBuildConfiguration;
			buildSettings = {
				ASSETCATALOG_COMPILER_APPICON_NAME = AppIcon;
				INFOPLIST_FILE = Mod20/Info.plist;
				LD_RUNPATH_SEARCH_PATHS = "$(inherited) @executable_path/Frameworks";
				PRODUCT_NAME = "$(TARGET_NAME)";
			};
			name = Debug;
		};
		E885E41C1AB19315007DE864 /* Release */ = {
			isa = XCBuildConfiguration;
			buildSettings = {
				ASSETCATALOG_COMPILER_APPICON_NAME = AppIcon;
				INFOPLIST_FILE = Mod20/Info.plist;
				LD_RUNPATH_SEARCH_PATHS = "$(inherited) @executable_path/Frameworks";
				PRODUCT_NAME = "$(TARGET_NAME)";
			};
			name = Release;
		};
		E885E41E1AB19315007DE864 /* Debug */ = {
			isa = XCBuildConfiguration;
			buildSettings = {
				BUNDLE_LOADER = "$(TEST_HOST)";
				FRAMEWORK_SEARCH_PATHS = (
					"$(SDKROOT)/Developer/Library/Frameworks",
					"$(inherited)",
				);
				GCC_PREPROCESSOR_DEFINITIONS = (
					"DEBUG=1",
					"$(inherited)",
				);
				INFOPLIST_FILE = Mod20Tests/Info.plist;
				LD_RUNPATH_SEARCH_PATHS = "$(inherited) @executable_path/Frameworks @loader_path/Frameworks";
				PRODUCT_NAME = "$(TARGET_NAME)";
				TEST_HOST = "$(BUILT_PRODUCTS_DIR)/Mod20.app/Mod20";
			};
			name = Debug;
		};
		E885E41F1AB19315007DE864 /* Release */ = {
			isa = XCBuildConfiguration;
			buildSettings = {
				BUNDLE_LOADER = "$(TEST_HOST)";
				FRAMEWORK_SEARCH_PATHS = (
					"$(SDKROOT)/Developer/Library/Frameworks",
					"$(inherited)",
				);
				INFOPLIST_FILE = Mod20Tests/Info.plist;
				LD_RUNPATH_SEARCH_PATHS = "$(inherited) @executable_path/Frameworks @loader_path/Frameworks";
				PRODUCT_NAME = "$(TARGET_NAME)";
				TEST_HOST = "$(BUILT_PRODUCTS_DIR)/Mod20.app/Mod20";
			};
			name = Release;
		};
/* End XCBuildConfiguration section */

/* Begin XCConfigurationList section */
		E885E3F21AB19315007DE864 /* Build configuration list for PBXProject "Mod20" */ = {
			isa = XCConfigurationList;
			buildConfigurations = (
				E885E4181AB19315007DE864 /* Debug */,
				E885E4191AB19315007DE864 /* Release */,
			);
			defaultConfigurationIsVisible = 0;
			defaultConfigurationName = Release;
		};
		E885E41A1AB19315007DE864 /* Build configuration list for PBXNativeTarget "Mod20" */ = {
			isa = XCConfigurationList;
			buildConfigurations = (
				E885E41B1AB19315007DE864 /* Debug */,
				E885E41C1AB19315007DE864 /* Release */,
			);
			defaultConfigurationIsVisible = 0;
		};
		E885E41D1AB19315007DE864 /* Build configuration list for PBXNativeTarget "Mod20Tests" */ = {
			isa = XCConfigurationList;
			buildConfigurations = (
				E885E41E1AB19315007DE864 /* Debug */,
				E885E41F1AB19315007DE864 /* Release */,
			);
			defaultConfigurationIsVisible = 0;
		};
/* End XCConfigurationList section */
	};
	rootObject = E885E3EF1AB19315007DE864 /* Project object */;
}
